
Microsoft Visual Studio Solution File, Format Version 12.00
# Visual Studio 15
VisualStudioVersion = 15.0.26124.0
MinimumVisualStudioVersion = 15.0.26124.0
Project("{9A19103F-16F7-4668-BE54-9A1E7A4F7556}") = "R5T.Gepidia.Local.Construction", "R5T.Gepidia.Local.Construction\R5T.Gepidia.Local.Construction.csproj", "{59AB2828-2E5C-4D30-849E-5CD54D0802D6}"
EndProject
Project("{9A19103F-16F7-4668-BE54-9A1E7A4F7556}") = "R5T.Gepidia.Local", "R5T.Gepidia.Local\R5T.Gepidia.Local.csproj", "{0CC4613F-2691-4687-ADA3-DF1608DCEA17}"
EndProject
Project("{9A19103F-16F7-4668-BE54-9A1E7A4F7556}") = "R5T.Gepidia.Local.Testing", "R5T.Gepidia.Local.Testing\R5T.Gepidia.Local.Testing.csproj", "{A25C1D49-1417-411F-8108-9C413326BBA6}"
EndProject
Project("{2150E333-8FDC-42A3-9474-1A3956D46DE8}") = "_Dependencies", "_Dependencies", "{AFEDE4A1-9859-4655-BCDF-E5319D8A8653}"
EndProject
Project("{9A19103F-16F7-4668-BE54-9A1E7A4F7556}") = "R5T.Gepidia.Base", "..\..\R5T.Gepidia.Base\source\R5T.Gepidia.Base\R5T.Gepidia.Base.csproj", "{54F1A47F-B3C5-4BF2-9202-EE057A183243}"
EndProject
Project("{9A19103F-16F7-4668-BE54-9A1E7A4F7556}") = "R5T.Magyar", "..\..\R5T.Magyar\source\R5T.Magyar\R5T.Magyar.csproj", "{FEC57625-2947-45ED-AC13-7AD571BAA517}"
EndProject
Project("{9A19103F-16F7-4668-BE54-9A1E7A4F7556}") = "R5T.Gepidia.Test", "..\..\R5T.Gepidia.Test\source\R5T.Gepidia.Test\R5T.Gepidia.Test.csproj", "{F2229360-BC88-40BF-86B4-AB6CB472273C}"
EndProject
Project("{9A19103F-16F7-4668-BE54-9A1E7A4F7556}") = "R5T.Lombardy.Base", "..\..\R5T.Lombardy.Base\source\R5T.Lombardy.Base\R5T.Lombardy.Base.csproj", "{2423E725-020F-48BB-AA67-EB0644941152}"
EndProject
Project("{9A19103F-16F7-4668-BE54-9A1E7A4F7556}") = "R5T.Rugia", "..\..\R5T.Rugia\source\R5T.Rugia\R5T.Rugia.csproj", "{3B2E632D-28AC-4C15-A131-505F186CECCC}"
EndProject
Project("{9A19103F-16F7-4668-BE54-9A1E7A4F7556}") = "R5T.Salamis", "..\..\R5T.Salamis\source\R5T.Salamis\R5T.Salamis.csproj", "{4428778E-B0AB-4314-BAA0-180DD11A7450}"
EndProject
Project("{9A19103F-16F7-4668-BE54-9A1E7A4F7556}") = "R5T.Lombardy", "..\..\R5T.Lombardy\source\R5T.Lombardy\R5T.Lombardy.csproj", "{6E76A982-4DC2-44D5-9C19-7258038C5952}"
EndProject
Project("{9A19103F-16F7-4668-BE54-9A1E7A4F7556}") = "R5T.Rugia.Base", "..\..\R5T.Rugia.Base\source\R5T.Rugia.Base\R5T.Rugia.Base.csproj", "{8F9F3E8F-2501-4FA9-8C54-4653778C7DA0}"
EndProject
Project("{9A19103F-16F7-4668-BE54-9A1E7A4F7556}") = "R5T.Cherusci", "..\..\R5T.Cherusci\source\R5T.Cherusci\R5T.Cherusci.csproj", "{381A67C2-50FD-448F-B58F-FACF1A7D8FC0}"
EndProject
Project("{9A19103F-16F7-4668-BE54-9A1E7A4F7556}") = "R5T.Lombardy.Gepidia", "..\..\R5T.Lombardy.Gepidia\source\R5T.Lombardy.Gepidia\R5T.Lombardy.Gepidia.csproj", "{1571C159-BD84-432A-A80A-81D4921A1DA5}"
EndProject
Global
	GlobalSection(SolutionConfigurationPlatforms) = preSolution
		Debug|Any CPU = Debug|Any CPU
		Debug|x64 = Debug|x64
		Debug|x86 = Debug|x86
		Release|Any CPU = Release|Any CPU
		Release|x64 = Release|x64
		Release|x86 = Release|x86
	EndGlobalSection
	GlobalSection(ProjectConfigurationPlatforms) = postSolution
		{59AB2828-2E5C-4D30-849E-5CD54D0802D6}.Debug|Any CPU.ActiveCfg = Debug|Any CPU
		{59AB2828-2E5C-4D30-849E-5CD54D0802D6}.Debug|Any CPU.Build.0 = Debug|Any CPU
		{59AB2828-2E5C-4D30-849E-5CD54D0802D6}.Debug|x64.ActiveCfg = Debug|Any CPU
		{59AB2828-2E5C-4D30-849E-5CD54D0802D6}.Debug|x64.Build.0 = Debug|Any CPU
		{59AB2828-2E5C-4D30-849E-5CD54D0802D6}.Debug|x86.ActiveCfg = Debug|Any CPU
		{59AB2828-2E5C-4D30-849E-5CD54D0802D6}.Debug|x86.Build.0 = Debug|Any CPU
		{59AB2828-2E5C-4D30-849E-5CD54D0802D6}.Release|Any CPU.ActiveCfg = Release|Any CPU
		{59AB2828-2E5C-4D30-849E-5CD54D0802D6}.Release|Any CPU.Build.0 = Release|Any CPU
		{59AB2828-2E5C-4D30-849E-5CD54D0802D6}.Release|x64.ActiveCfg = Release|Any CPU
		{59AB2828-2E5C-4D30-849E-5CD54D0802D6}.Release|x64.Build.0 = Release|Any CPU
		{59AB2828-2E5C-4D30-849E-5CD54D0802D6}.Release|x86.ActiveCfg = Release|Any CPU
		{59AB2828-2E5C-4D30-849E-5CD54D0802D6}.Release|x86.Build.0 = Release|Any CPU
		{0CC4613F-2691-4687-ADA3-DF1608DCEA17}.Debug|Any CPU.ActiveCfg = Debug|Any CPU
		{0CC4613F-2691-4687-ADA3-DF1608DCEA17}.Debug|Any CPU.Build.0 = Debug|Any CPU
		{0CC4613F-2691-4687-ADA3-DF1608DCEA17}.Debug|x64.ActiveCfg = Debug|Any CPU
		{0CC4613F-2691-4687-ADA3-DF1608DCEA17}.Debug|x64.Build.0 = Debug|Any CPU
		{0CC4613F-2691-4687-ADA3-DF1608DCEA17}.Debug|x86.ActiveCfg = Debug|Any CPU
		{0CC4613F-2691-4687-ADA3-DF1608DCEA17}.Debug|x86.Build.0 = Debug|Any CPU
		{0CC4613F-2691-4687-ADA3-DF1608DCEA17}.Release|Any CPU.ActiveCfg = Release|Any CPU
		{0CC4613F-2691-4687-ADA3-DF1608DCEA17}.Release|Any CPU.Build.0 = Release|Any CPU
		{0CC4613F-2691-4687-ADA3-DF1608DCEA17}.Release|x64.ActiveCfg = Release|Any CPU
		{0CC4613F-2691-4687-ADA3-DF1608DCEA17}.Release|x64.Build.0 = Release|Any CPU
		{0CC4613F-2691-4687-ADA3-DF1608DCEA17}.Release|x86.ActiveCfg = Release|Any CPU
		{0CC4613F-2691-4687-ADA3-DF1608DCEA17}.Release|x86.Build.0 = Release|Any CPU
		{A25C1D49-1417-411F-8108-9C413326BBA6}.Debug|Any CPU.ActiveCfg = Debug|Any CPU
		{A25C1D49-1417-411F-8108-9C413326BBA6}.Debug|Any CPU.Build.0 = Debug|Any CPU
		{A25C1D49-1417-411F-8108-9C413326BBA6}.Debug|x64.ActiveCfg = Debug|Any CPU
		{A25C1D49-1417-411F-8108-9C413326BBA6}.Debug|x64.Build.0 = Debug|Any CPU
		{A25C1D49-1417-411F-8108-9C413326BBA6}.Debug|x86.ActiveCfg = Debug|Any CPU
		{A25C1D49-1417-411F-8108-9C413326BBA6}.Debug|x86.Build.0 = Debug|Any CPU
		{A25C1D49-1417-411F-8108-9C413326BBA6}.Release|Any CPU.ActiveCfg = Release|Any CPU
		{A25C1D49-1417-411F-8108-9C413326BBA6}.Release|Any CPU.Build.0 = Release|Any CPU
		{A25C1D49-1417-411F-8108-9C413326BBA6}.Release|x64.ActiveCfg = Release|Any CPU
		{A25C1D49-1417-411F-8108-9C413326BBA6}.Release|x64.Build.0 = Release|Any CPU
		{A25C1D49-1417-411F-8108-9C413326BBA6}.Release|x86.ActiveCfg = Release|Any CPU
		{A25C1D49-1417-411F-8108-9C413326BBA6}.Release|x86.Build.0 = Release|Any CPU
		{54F1A47F-B3C5-4BF2-9202-EE057A183243}.Debug|Any CPU.ActiveCfg = Debug|Any CPU
		{54F1A47F-B3C5-4BF2-9202-EE057A183243}.Debug|Any CPU.Build.0 = Debug|Any CPU
		{54F1A47F-B3C5-4BF2-9202-EE057A183243}.Debug|x64.ActiveCfg = Debug|Any CPU
		{54F1A47F-B3C5-4BF2-9202-EE057A183243}.Debug|x64.Build.0 = Debug|Any CPU
		{54F1A47F-B3C5-4BF2-9202-EE057A183243}.Debug|x86.ActiveCfg = Debug|Any CPU
		{54F1A47F-B3C5-4BF2-9202-EE057A183243}.Debug|x86.Build.0 = Debug|Any CPU
		{54F1A47F-B3C5-4BF2-9202-EE057A183243}.Release|Any CPU.ActiveCfg = Release|Any CPU
		{54F1A47F-B3C5-4BF2-9202-EE057A183243}.Release|Any CPU.Build.0 = Release|Any CPU
		{54F1A47F-B3C5-4BF2-9202-EE057A183243}.Release|x64.ActiveCfg = Release|Any CPU
		{54F1A47F-B3C5-4BF2-9202-EE057A183243}.Release|x64.Build.0 = Release|Any CPU
		{54F1A47F-B3C5-4BF2-9202-EE057A183243}.Release|x86.ActiveCfg = Release|Any CPU
		{54F1A47F-B3C5-4BF2-9202-EE057A183243}.Release|x86.Build.0 = Release|Any CPU
		{FEC57625-2947-45ED-AC13-7AD571BAA517}.Debug|Any CPU.ActiveCfg = Debug|Any CPU
		{FEC57625-2947-45ED-AC13-7AD571BAA517}.Debug|Any CPU.Build.0 = Debug|Any CPU
		{FEC57625-2947-45ED-AC13-7AD571BAA517}.Debug|x64.ActiveCfg = Debug|Any CPU
		{FEC57625-2947-45ED-AC13-7AD571BAA517}.Debug|x64.Build.0 = Debug|Any CPU
		{FEC57625-2947-45ED-AC13-7AD571BAA517}.Debug|x86.ActiveCfg = Debug|Any CPU
		{FEC57625-2947-45ED-AC13-7AD571BAA517}.Debug|x86.Build.0 = Debug|Any CPU
		{FEC57625-2947-45ED-AC13-7AD571BAA517}.Release|Any CPU.ActiveCfg = Release|Any CPU
		{FEC57625-2947-45ED-AC13-7AD571BAA517}.Release|Any CPU.Build.0 = Release|Any CPU
		{FEC57625-2947-45ED-AC13-7AD571BAA517}.Release|x64.ActiveCfg = Release|Any CPU
		{FEC57625-2947-45ED-AC13-7AD571BAA517}.Release|x64.Build.0 = Release|Any CPU
		{FEC57625-2947-45ED-AC13-7AD571BAA517}.Release|x86.ActiveCfg = Release|Any CPU
		{FEC57625-2947-45ED-AC13-7AD571BAA517}.Release|x86.Build.0 = Release|Any CPU
		{F2229360-BC88-40BF-86B4-AB6CB472273C}.Debug|Any CPU.ActiveCfg = Debug|Any CPU
		{F2229360-BC88-40BF-86B4-AB6CB472273C}.Debug|Any CPU.Build.0 = Debug|Any CPU
		{F2229360-BC88-40BF-86B4-AB6CB472273C}.Debug|x64.ActiveCfg = Debug|Any CPU
		{F2229360-BC88-40BF-86B4-AB6CB472273C}.Debug|x64.Build.0 = Debug|Any CPU
		{F2229360-BC88-40BF-86B4-AB6CB472273C}.Debug|x86.ActiveCfg = Debug|Any CPU
		{F2229360-BC88-40BF-86B4-AB6CB472273C}.Debug|x86.Build.0 = Debug|Any CPU
		{F2229360-BC88-40BF-86B4-AB6CB472273C}.Release|Any CPU.ActiveCfg = Release|Any CPU
		{F2229360-BC88-40BF-86B4-AB6CB472273C}.Release|Any CPU.Build.0 = Release|Any CPU
		{F2229360-BC88-40BF-86B4-AB6CB472273C}.Release|x64.ActiveCfg = Release|Any CPU
		{F2229360-BC88-40BF-86B4-AB6CB472273C}.Release|x64.Build.0 = Release|Any CPU
		{F2229360-BC88-40BF-86B4-AB6CB472273C}.Release|x86.ActiveCfg = Release|Any CPU
		{F2229360-BC88-40BF-86B4-AB6CB472273C}.Release|x86.Build.0 = Release|Any CPU
		{2423E725-020F-48BB-AA67-EB0644941152}.Debug|Any CPU.ActiveCfg = Debug|Any CPU
		{2423E725-020F-48BB-AA67-EB0644941152}.Debug|Any CPU.Build.0 = Debug|Any CPU
		{2423E725-020F-48BB-AA67-EB0644941152}.Debug|x64.ActiveCfg = Debug|Any CPU
		{2423E725-020F-48BB-AA67-EB0644941152}.Debug|x64.Build.0 = Debug|Any CPU
		{2423E725-020F-48BB-AA67-EB0644941152}.Debug|x86.ActiveCfg = Debug|Any CPU
		{2423E725-020F-48BB-AA67-EB0644941152}.Debug|x86.Build.0 = Debug|Any CPU
		{2423E725-020F-48BB-AA67-EB0644941152}.Release|Any CPU.ActiveCfg = Release|Any CPU
		{2423E725-020F-48BB-AA67-EB0644941152}.Release|Any CPU.Build.0 = Release|Any CPU
		{2423E725-020F-48BB-AA67-EB0644941152}.Release|x64.ActiveCfg = Release|Any CPU
		{2423E725-020F-48BB-AA67-EB0644941152}.Release|x64.Build.0 = Release|Any CPU
		{2423E725-020F-48BB-AA67-EB0644941152}.Release|x86.ActiveCfg = Release|Any CPU
		{2423E725-020F-48BB-AA67-EB0644941152}.Release|x86.Build.0 = Release|Any CPU
		{3B2E632D-28AC-4C15-A131-505F186CECCC}.Debug|Any CPU.ActiveCfg = Debug|Any CPU
		{3B2E632D-28AC-4C15-A131-505F186CECCC}.Debug|Any CPU.Build.0 = Debug|Any CPU
		{3B2E632D-28AC-4C15-A131-505F186CECCC}.Debug|x64.ActiveCfg = Debug|Any CPU
		{3B2E632D-28AC-4C15-A131-505F186CECCC}.Debug|x64.Build.0 = Debug|Any CPU
		{3B2E632D-28AC-4C15-A131-505F186CECCC}.Debug|x86.ActiveCfg = Debug|Any CPU
		{3B2E632D-28AC-4C15-A131-505F186CECCC}.Debug|x86.Build.0 = Debug|Any CPU
		{3B2E632D-28AC-4C15-A131-505F186CECCC}.Release|Any CPU.ActiveCfg = Release|Any CPU
		{3B2E632D-28AC-4C15-A131-505F186CECCC}.Release|Any CPU.Build.0 = Release|Any CPU
		{3B2E632D-28AC-4C15-A131-505F186CECCC}.Release|x64.ActiveCfg = Release|Any CPU
		{3B2E632D-28AC-4C15-A131-505F186CECCC}.Release|x64.Build.0 = Release|Any CPU
		{3B2E632D-28AC-4C15-A131-505F186CECCC}.Release|x86.ActiveCfg = Release|Any CPU
		{3B2E632D-28AC-4C15-A131-505F186CECCC}.Release|x86.Build.0 = Release|Any CPU
		{4428778E-B0AB-4314-BAA0-180DD11A7450}.Debug|Any CPU.ActiveCfg = Debug|Any CPU
		{4428778E-B0AB-4314-BAA0-180DD11A7450}.Debug|Any CPU.Build.0 = Debug|Any CPU
		{4428778E-B0AB-4314-BAA0-180DD11A7450}.Debug|x64.ActiveCfg = Debug|Any CPU
		{4428778E-B0AB-4314-BAA0-180DD11A7450}.Debug|x64.Build.0 = Debug|Any CPU
		{4428778E-B0AB-4314-BAA0-180DD11A7450}.Debug|x86.ActiveCfg = Debug|Any CPU
		{4428778E-B0AB-4314-BAA0-180DD11A7450}.Debug|x86.Build.0 = Debug|Any CPU
		{4428778E-B0AB-4314-BAA0-180DD11A7450}.Release|Any CPU.ActiveCfg = Release|Any CPU
		{4428778E-B0AB-4314-BAA0-180DD11A7450}.Release|Any CPU.Build.0 = Release|Any CPU
		{4428778E-B0AB-4314-BAA0-180DD11A7450}.Release|x64.ActiveCfg = Release|Any CPU
		{4428778E-B0AB-4314-BAA0-180DD11A7450}.Release|x64.Build.0 = Release|Any CPU
		{4428778E-B0AB-4314-BAA0-180DD11A7450}.Release|x86.ActiveCfg = Release|Any CPU
		{4428778E-B0AB-4314-BAA0-180DD11A7450}.Release|x86.Build.0 = Release|Any CPU
		{6E76A982-4DC2-44D5-9C19-7258038C5952}.Debug|Any CPU.ActiveCfg = Debug|Any CPU
		{6E76A982-4DC2-44D5-9C19-7258038C5952}.Debug|Any CPU.Build.0 = Debug|Any CPU
		{6E76A982-4DC2-44D5-9C19-7258038C5952}.Debug|x64.ActiveCfg = Debug|Any CPU
		{6E76A982-4DC2-44D5-9C19-7258038C5952}.Debug|x64.Build.0 = Debug|Any CPU
		{6E76A982-4DC2-44D5-9C19-7258038C5952}.Debug|x86.ActiveCfg = Debug|Any CPU
		{6E76A982-4DC2-44D5-9C19-7258038C5952}.Debug|x86.Build.0 = Debug|Any CPU
		{6E76A982-4DC2-44D5-9C19-7258038C5952}.Release|Any CPU.ActiveCfg = Release|Any CPU
		{6E76A982-4DC2-44D5-9C19-7258038C5952}.Release|Any CPU.Build.0 = Release|Any CPU
		{6E76A982-4DC2-44D5-9C19-7258038C5952}.Release|x64.ActiveCfg = Release|Any CPU
		{6E76A982-4DC2-44D5-9C19-7258038C5952}.Release|x64.Build.0 = Release|Any CPU
		{6E76A982-4DC2-44D5-9C19-7258038C5952}.Release|x86.ActiveCfg = Release|Any CPU
		{6E76A982-4DC2-44D5-9C19-7258038C5952}.Release|x86.Build.0 = Release|Any CPU
		{8F9F3E8F-2501-4FA9-8C54-4653778C7DA0}.Debug|Any CPU.ActiveCfg = Debug|Any CPU
		{8F9F3E8F-2501-4FA9-8C54-4653778C7DA0}.Debug|Any CPU.Build.0 = Debug|Any CPU
		{8F9F3E8F-2501-4FA9-8C54-4653778C7DA0}.Debug|x64.ActiveCfg = Debug|Any CPU
		{8F9F3E8F-2501-4FA9-8C54-4653778C7DA0}.Debug|x64.Build.0 = Debug|Any CPU
		{8F9F3E8F-2501-4FA9-8C54-4653778C7DA0}.Debug|x86.ActiveCfg = Debug|Any CPU
		{8F9F3E8F-2501-4FA9-8C54-4653778C7DA0}.Debug|x86.Build.0 = Debug|Any CPU
		{8F9F3E8F-2501-4FA9-8C54-4653778C7DA0}.Release|Any CPU.ActiveCfg = Release|Any CPU
		{8F9F3E8F-2501-4FA9-8C54-4653778C7DA0}.Release|Any CPU.Build.0 = Release|Any CPU
		{8F9F3E8F-2501-4FA9-8C54-4653778C7DA0}.Release|x64.ActiveCfg = Release|Any CPU
		{8F9F3E8F-2501-4FA9-8C54-4653778C7DA0}.Release|x64.Build.0 = Release|Any CPU
		{8F9F3E8F-2501-4FA9-8C54-4653778C7DA0}.Release|x86.ActiveCfg = Release|Any CPU
		{8F9F3E8F-2501-4FA9-8C54-4653778C7DA0}.Release|x86.Build.0 = Release|Any CPU
		{381A67C2-50FD-448F-B58F-FACF1A7D8FC0}.Debug|Any CPU.ActiveCfg = Debug|Any CPU
		{381A67C2-50FD-448F-B58F-FACF1A7D8FC0}.Debug|Any CPU.Build.0 = Debug|Any CPU
		{381A67C2-50FD-448F-B58F-FACF1A7D8FC0}.Debug|x64.ActiveCfg = Debug|Any CPU
		{381A67C2-50FD-448F-B58F-FACF1A7D8FC0}.Debug|x64.Build.0 = Debug|Any CPU
		{381A67C2-50FD-448F-B58F-FACF1A7D8FC0}.Debug|x86.ActiveCfg = Debug|Any CPU
		{381A67C2-50FD-448F-B58F-FACF1A7D8FC0}.Debug|x86.Build.0 = Debug|Any CPU
		{381A67C2-50FD-448F-B58F-FACF1A7D8FC0}.Release|Any CPU.ActiveCfg = Release|Any CPU
		{381A67C2-50FD-448F-B58F-FACF1A7D8FC0}.Release|Any CPU.Build.0 = Release|Any CPU
		{381A67C2-50FD-448F-B58F-FACF1A7D8FC0}.Release|x64.ActiveCfg = Release|Any CPU
		{381A67C2-50FD-448F-B58F-FACF1A7D8FC0}.Release|x64.Build.0 = Release|Any CPU
		{381A67C2-50FD-448F-B58F-FACF1A7D8FC0}.Release|x86.ActiveCfg = Release|Any CPU
		{381A67C2-50FD-448F-B58F-FACF1A7D8FC0}.Release|x86.Build.0 = Release|Any CPU
		{1571C159-BD84-432A-A80A-81D4921A1DA5}.Debug|Any CPU.ActiveCfg = Debug|Any CPU
		{1571C159-BD84-432A-A80A-81D4921A1DA5}.Debug|Any CPU.Build.0 = Debug|Any CPU
		{1571C159-BD84-432A-A80A-81D4921A1DA5}.Debug|x64.ActiveCfg = Debug|Any CPU
		{1571C159-BD84-432A-A80A-81D4921A1DA5}.Debug|x64.Build.0 = Debug|Any CPU
		{1571C159-BD84-432A-A80A-81D4921A1DA5}.Debug|x86.ActiveCfg = Debug|Any CPU
		{1571C159-BD84-432A-A80A-81D4921A1DA5}.Debug|x86.Build.0 = Debug|Any CPU
		{1571C159-BD84-432A-A80A-81D4921A1DA5}.Release|Any CPU.ActiveCfg = Release|Any CPU
		{1571C159-BD84-432A-A80A-81D4921A1DA5}.Release|Any CPU.Build.0 = Release|Any CPU
		{1571C159-BD84-432A-A80A-81D4921A1DA5}.Release|x64.ActiveCfg = Release|Any CPU
		{1571C159-BD84-432A-A80A-81D4921A1DA5}.Release|x64.Build.0 = Release|Any CPU
		{1571C159-BD84-432A-A80A-81D4921A1DA5}.Release|x86.ActiveCfg = Release|Any CPU
		{1571C159-BD84-432A-A80A-81D4921A1DA5}.Release|x86.Build.0 = Release|Any CPU
	EndGlobalSection
	GlobalSection(SolutionProperties) = preSolution
		HideSolutionNode = FALSE
	EndGlobalSection
	GlobalSection(NestedProjects) = preSolution
		{54F1A47F-B3C5-4BF2-9202-EE057A183243} = {AFEDE4A1-9859-4655-BCDF-E5319D8A8653}
		{FEC57625-2947-45ED-AC13-7AD571BAA517} = {AFEDE4A1-9859-4655-BCDF-E5319D8A8653}
		{F2229360-BC88-40BF-86B4-AB6CB472273C} = {AFEDE4A1-9859-4655-BCDF-E5319D8A8653}
		{2423E725-020F-48BB-AA67-EB0644941152} = {AFEDE4A1-9859-4655-BCDF-E5319D8A8653}
		{3B2E632D-28AC-4C15-A131-505F186CECCC} = {AFEDE4A1-9859-4655-BCDF-E5319D8A8653}
		{4428778E-B0AB-4314-BAA0-180DD11A7450} = {AFEDE4A1-9859-4655-BCDF-E5319D8A8653}
		{6E76A982-4DC2-44D5-9C19-7258038C5952} = {AFEDE4A1-9859-4655-BCDF-E5319D8A8653}
		{8F9F3E8F-2501-4FA9-8C54-4653778C7DA0} = {AFEDE4A1-9859-4655-BCDF-E5319D8A8653}
		{381A67C2-50FD-448F-B58F-FACF1A7D8FC0} = {AFEDE4A1-9859-4655-BCDF-E5319D8A8653}
		{1571C159-BD84-432A-A80A-81D4921A1DA5} = {AFEDE4A1-9859-4655-BCDF-E5319D8A8653}
	EndGlobalSection
	GlobalSection(ExtensibilityGlobals) = postSolution
		SolutionGuid = {7B74D139-E45A-4297-A498-4DF03A89B559}
	EndGlobalSection
EndGlobal
