
Microsoft Visual Studio Solution File, Format Version 12.00
# Visual Studio Version 16
VisualStudioVersion = 16.0.30114.105
MinimumVisualStudioVersion = 10.0.40219.1
Project("{FAE04EC0-301F-11D3-BF4B-00C04F79EFBC}") = "R5T.Gepidia.Local", "R5T.Gepidia.Local\R5T.Gepidia.Local.csproj", "{BD657C8A-7D4B-46F8-B058-9C59FB5DA43A}"
EndProject
Project("{FAE04EC0-301F-11D3-BF4B-00C04F79EFBC}") = "R5T.Gepidia.Local.Construction", "R5T.Gepidia.Local.Construction\R5T.Gepidia.Local.Construction.csproj", "{6AE49257-DD74-4960-87B6-A352B4DD4D64}"
EndProject
Project("{FAE04EC0-301F-11D3-BF4B-00C04F79EFBC}") = "R5T.Gepidia.Local.Testing", "R5T.Gepidia.Local.Testing\R5T.Gepidia.Local.Testing.csproj", "{DED76DAE-26BB-4C96-90BF-5005E12410CA}"
EndProject
Global
	GlobalSection(SolutionConfigurationPlatforms) = preSolution
		Debug|Any CPU = Debug|Any CPU
		Debug|x64 = Debug|x64
		Debug|x86 = Debug|x86
		Release|Any CPU = Release|Any CPU
		Release|x64 = Release|x64
		Release|x86 = Release|x86
	EndGlobalSection
	GlobalSection(SolutionProperties) = preSolution
		HideSolutionNode = FALSE
	EndGlobalSection
	GlobalSection(ProjectConfigurationPlatforms) = postSolution
		{BD657C8A-7D4B-46F8-B058-9C59FB5DA43A}.Debug|Any CPU.ActiveCfg = Debug|Any CPU
		{BD657C8A-7D4B-46F8-B058-9C59FB5DA43A}.Debug|Any CPU.Build.0 = Debug|Any CPU
		{BD657C8A-7D4B-46F8-B058-9C59FB5DA43A}.Debug|x64.ActiveCfg = Debug|Any CPU
		{BD657C8A-7D4B-46F8-B058-9C59FB5DA43A}.Debug|x64.Build.0 = Debug|Any CPU
		{BD657C8A-7D4B-46F8-B058-9C59FB5DA43A}.Debug|x86.ActiveCfg = Debug|Any CPU
		{BD657C8A-7D4B-46F8-B058-9C59FB5DA43A}.Debug|x86.Build.0 = Debug|Any CPU
		{BD657C8A-7D4B-46F8-B058-9C59FB5DA43A}.Release|Any CPU.ActiveCfg = Release|Any CPU
		{BD657C8A-7D4B-46F8-B058-9C59FB5DA43A}.Release|Any CPU.Build.0 = Release|Any CPU
		{BD657C8A-7D4B-46F8-B058-9C59FB5DA43A}.Release|x64.ActiveCfg = Release|Any CPU
		{BD657C8A-7D4B-46F8-B058-9C59FB5DA43A}.Release|x64.Build.0 = Release|Any CPU
		{BD657C8A-7D4B-46F8-B058-9C59FB5DA43A}.Release|x86.ActiveCfg = Release|Any CPU
		{BD657C8A-7D4B-46F8-B058-9C59FB5DA43A}.Release|x86.Build.0 = Release|Any CPU
		{6AE49257-DD74-4960-87B6-A352B4DD4D64}.Debug|Any CPU.ActiveCfg = Debug|Any CPU
		{6AE49257-DD74-4960-87B6-A352B4DD4D64}.Debug|Any CPU.Build.0 = Debug|Any CPU
		{6AE49257-DD74-4960-87B6-A352B4DD4D64}.Debug|x64.ActiveCfg = Debug|Any CPU
		{6AE49257-DD74-4960-87B6-A352B4DD4D64}.Debug|x64.Build.0 = Debug|Any CPU
		{6AE49257-DD74-4960-87B6-A352B4DD4D64}.Debug|x86.ActiveCfg = Debug|Any CPU
		{6AE49257-DD74-4960-87B6-A352B4DD4D64}.Debug|x86.Build.0 = Debug|Any CPU
		{6AE49257-DD74-4960-87B6-A352B4DD4D64}.Release|Any CPU.ActiveCfg = Release|Any CPU
		{6AE49257-DD74-4960-87B6-A352B4DD4D64}.Release|Any CPU.Build.0 = Release|Any CPU
		{6AE49257-DD74-4960-87B6-A352B4DD4D64}.Release|x64.ActiveCfg = Release|Any CPU
		{6AE49257-DD74-4960-87B6-A352B4DD4D64}.Release|x64.Build.0 = Release|Any CPU
		{6AE49257-DD74-4960-87B6-A352B4DD4D64}.Release|x86.ActiveCfg = Release|Any CPU
		{6AE49257-DD74-4960-87B6-A352B4DD4D64}.Release|x86.Build.0 = Release|Any CPU
		{DED76DAE-26BB-4C96-90BF-5005E12410CA}.Debug|Any CPU.ActiveCfg = Debug|Any CPU
		{DED76DAE-26BB-4C96-90BF-5005E12410CA}.Debug|Any CPU.Build.0 = Debug|Any CPU
		{DED76DAE-26BB-4C96-90BF-5005E12410CA}.Debug|x64.ActiveCfg = Debug|Any CPU
		{DED76DAE-26BB-4C96-90BF-5005E12410CA}.Debug|x64.Build.0 = Debug|Any CPU
		{DED76DAE-26BB-4C96-90BF-5005E12410CA}.Debug|x86.ActiveCfg = Debug|Any CPU
		{DED76DAE-26BB-4C96-90BF-5005E12410CA}.Debug|x86.Build.0 = Debug|Any CPU
		{DED76DAE-26BB-4C96-90BF-5005E12410CA}.Release|Any CPU.ActiveCfg = Release|Any CPU
		{DED76DAE-26BB-4C96-90BF-5005E12410CA}.Release|Any CPU.Build.0 = Release|Any CPU
		{DED76DAE-26BB-4C96-90BF-5005E12410CA}.Release|x64.ActiveCfg = Release|Any CPU
		{DED76DAE-26BB-4C96-90BF-5005E12410CA}.Release|x64.Build.0 = Release|Any CPU
		{DED76DAE-26BB-4C96-90BF-5005E12410CA}.Release|x86.ActiveCfg = Release|Any CPU
		{DED76DAE-26BB-4C96-90BF-5005E12410CA}.Release|x86.Build.0 = Release|Any CPU
	EndGlobalSection
EndGlobal
