
Microsoft Visual Studio Solution File, Format Version 12.00
# Visual Studio 15
VisualStudioVersion = 15.0.26124.0
MinimumVisualStudioVersion = 15.0.26124.0
Project("{FAE04EC0-301F-11D3-BF4B-00C04F79EFBC}") = "R5T.Gepidia.Local.Construction", "R5T.Gepidia.Local.Construction\R5T.Gepidia.Local.Construction.csproj", "{59AB2828-2E5C-4D30-849E-5CD54D0802D6}"
EndProject
Project("{FAE04EC0-301F-11D3-BF4B-00C04F79EFBC}") = "R5T.Gepidia.Local", "R5T.Gepidia.Local\R5T.Gepidia.Local.csproj", "{0CC4613F-2691-4687-ADA3-DF1608DCEA17}"
EndProject
Project("{FAE04EC0-301F-11D3-BF4B-00C04F79EFBC}") = "R5T.Gepidia.Local.Testing", "R5T.Gepidia.Local.Testing\R5T.Gepidia.Local.Testing.csproj", "{A25C1D49-1417-411F-8108-9C413326BBA6}"
EndProject
Global
	GlobalSection(SolutionConfigurationPlatforms) = preSolution
		Debug|Any CPU = Debug|Any CPU
		Debug|x64 = Debug|x64
		Debug|x86 = Debug|x86
		Release|Any CPU = Release|Any CPU
		Release|x64 = Release|x64
		Release|x86 = Release|x86
	EndGlobalSection
	GlobalSection(SolutionProperties) = preSolution
		HideSolutionNode = FALSE
	EndGlobalSection
	GlobalSection(ProjectConfigurationPlatforms) = postSolution
		{59AB2828-2E5C-4D30-849E-5CD54D0802D6}.Debug|Any CPU.ActiveCfg = Debug|Any CPU
		{59AB2828-2E5C-4D30-849E-5CD54D0802D6}.Debug|Any CPU.Build.0 = Debug|Any CPU
		{59AB2828-2E5C-4D30-849E-5CD54D0802D6}.Debug|x64.ActiveCfg = Debug|Any CPU
		{59AB2828-2E5C-4D30-849E-5CD54D0802D6}.Debug|x64.Build.0 = Debug|Any CPU
		{59AB2828-2E5C-4D30-849E-5CD54D0802D6}.Debug|x86.ActiveCfg = Debug|Any CPU
		{59AB2828-2E5C-4D30-849E-5CD54D0802D6}.Debug|x86.Build.0 = Debug|Any CPU
		{59AB2828-2E5C-4D30-849E-5CD54D0802D6}.Release|Any CPU.ActiveCfg = Release|Any CPU
		{59AB2828-2E5C-4D30-849E-5CD54D0802D6}.Release|Any CPU.Build.0 = Release|Any CPU
		{59AB2828-2E5C-4D30-849E-5CD54D0802D6}.Release|x64.ActiveCfg = Release|Any CPU
		{59AB2828-2E5C-4D30-849E-5CD54D0802D6}.Release|x64.Build.0 = Release|Any CPU
		{59AB2828-2E5C-4D30-849E-5CD54D0802D6}.Release|x86.ActiveCfg = Release|Any CPU
		{59AB2828-2E5C-4D30-849E-5CD54D0802D6}.Release|x86.Build.0 = Release|Any CPU
		{0CC4613F-2691-4687-ADA3-DF1608DCEA17}.Debug|Any CPU.ActiveCfg = Debug|Any CPU
		{0CC4613F-2691-4687-ADA3-DF1608DCEA17}.Debug|Any CPU.Build.0 = Debug|Any CPU
		{0CC4613F-2691-4687-ADA3-DF1608DCEA17}.Debug|x64.ActiveCfg = Debug|Any CPU
		{0CC4613F-2691-4687-ADA3-DF1608DCEA17}.Debug|x64.Build.0 = Debug|Any CPU
		{0CC4613F-2691-4687-ADA3-DF1608DCEA17}.Debug|x86.ActiveCfg = Debug|Any CPU
		{0CC4613F-2691-4687-ADA3-DF1608DCEA17}.Debug|x86.Build.0 = Debug|Any CPU
		{0CC4613F-2691-4687-ADA3-DF1608DCEA17}.Release|Any CPU.ActiveCfg = Release|Any CPU
		{0CC4613F-2691-4687-ADA3-DF1608DCEA17}.Release|Any CPU.Build.0 = Release|Any CPU
		{0CC4613F-2691-4687-ADA3-DF1608DCEA17}.Release|x64.ActiveCfg = Release|Any CPU
		{0CC4613F-2691-4687-ADA3-DF1608DCEA17}.Release|x64.Build.0 = Release|Any CPU
		{0CC4613F-2691-4687-ADA3-DF1608DCEA17}.Release|x86.ActiveCfg = Release|Any CPU
		{0CC4613F-2691-4687-ADA3-DF1608DCEA17}.Release|x86.Build.0 = Release|Any CPU
		{A25C1D49-1417-411F-8108-9C413326BBA6}.Debug|Any CPU.ActiveCfg = Debug|Any CPU
		{A25C1D49-1417-411F-8108-9C413326BBA6}.Debug|Any CPU.Build.0 = Debug|Any CPU
		{A25C1D49-1417-411F-8108-9C413326BBA6}.Debug|x64.ActiveCfg = Debug|Any CPU
		{A25C1D49-1417-411F-8108-9C413326BBA6}.Debug|x64.Build.0 = Debug|Any CPU
		{A25C1D49-1417-411F-8108-9C413326BBA6}.Debug|x86.ActiveCfg = Debug|Any CPU
		{A25C1D49-1417-411F-8108-9C413326BBA6}.Debug|x86.Build.0 = Debug|Any CPU
		{A25C1D49-1417-411F-8108-9C413326BBA6}.Release|Any CPU.ActiveCfg = Release|Any CPU
		{A25C1D49-1417-411F-8108-9C413326BBA6}.Release|Any CPU.Build.0 = Release|Any CPU
		{A25C1D49-1417-411F-8108-9C413326BBA6}.Release|x64.ActiveCfg = Release|Any CPU
		{A25C1D49-1417-411F-8108-9C413326BBA6}.Release|x64.Build.0 = Release|Any CPU
		{A25C1D49-1417-411F-8108-9C413326BBA6}.Release|x86.ActiveCfg = Release|Any CPU
		{A25C1D49-1417-411F-8108-9C413326BBA6}.Release|x86.Build.0 = Release|Any CPU
	EndGlobalSection
EndGlobal
